
Microsoft Visual Studio Solution File, Format Version 12.00
# Visual Studio 15
VisualStudioVersion = 15.0.26124.0
MinimumVisualStudioVersion = 15.0.26124.0
Project("{FAE04EC0-301F-11D3-BF4B-00C04F79EFBC}") = "WanaKanaSharp", "WanaKanaSharp\WanaKanaSharp.csproj", "{A15B6380-15CF-42A7-97A8-8C79962A9DAF}"
EndProject
Project("{FAE04EC0-301F-11D3-BF4B-00C04F79EFBC}") = "WanaKanaSharp.Test", "WanaKanaSharp.Test\WanaKanaSharp.Test.csproj", "{FE8B82EA-8DB7-42E3-88D2-5C5903EED0EB}"
EndProject
Global
	GlobalSection(SolutionConfigurationPlatforms) = preSolution
		Debug|Any CPU = Debug|Any CPU
		Debug|x64 = Debug|x64
		Debug|x86 = Debug|x86
		Release|Any CPU = Release|Any CPU
		Release|x64 = Release|x64
		Release|x86 = Release|x86
	EndGlobalSection
	GlobalSection(SolutionProperties) = preSolution
		HideSolutionNode = FALSE
	EndGlobalSection
	GlobalSection(ProjectConfigurationPlatforms) = postSolution
		{A15B6380-15CF-42A7-97A8-8C79962A9DAF}.Debug|Any CPU.ActiveCfg = Debug|Any CPU
		{A15B6380-15CF-42A7-97A8-8C79962A9DAF}.Debug|Any CPU.Build.0 = Debug|Any CPU
		{A15B6380-15CF-42A7-97A8-8C79962A9DAF}.Debug|x64.ActiveCfg = Debug|Any CPU
		{A15B6380-15CF-42A7-97A8-8C79962A9DAF}.Debug|x64.Build.0 = Debug|Any CPU
		{A15B6380-15CF-42A7-97A8-8C79962A9DAF}.Debug|x86.ActiveCfg = Debug|Any CPU
		{A15B6380-15CF-42A7-97A8-8C79962A9DAF}.Debug|x86.Build.0 = Debug|Any CPU
		{A15B6380-15CF-42A7-97A8-8C79962A9DAF}.Release|Any CPU.ActiveCfg = Release|Any CPU
		{A15B6380-15CF-42A7-97A8-8C79962A9DAF}.Release|Any CPU.Build.0 = Release|Any CPU
		{A15B6380-15CF-42A7-97A8-8C79962A9DAF}.Release|x64.ActiveCfg = Release|Any CPU
		{A15B6380-15CF-42A7-97A8-8C79962A9DAF}.Release|x64.Build.0 = Release|Any CPU
		{A15B6380-15CF-42A7-97A8-8C79962A9DAF}.Release|x86.ActiveCfg = Release|Any CPU
		{A15B6380-15CF-42A7-97A8-8C79962A9DAF}.Release|x86.Build.0 = Release|Any CPU
		{FE8B82EA-8DB7-42E3-88D2-5C5903EED0EB}.Debug|Any CPU.ActiveCfg = Debug|Any CPU
		{FE8B82EA-8DB7-42E3-88D2-5C5903EED0EB}.Debug|Any CPU.Build.0 = Debug|Any CPU
		{FE8B82EA-8DB7-42E3-88D2-5C5903EED0EB}.Debug|x64.ActiveCfg = Debug|Any CPU
		{FE8B82EA-8DB7-42E3-88D2-5C5903EED0EB}.Debug|x64.Build.0 = Debug|Any CPU
		{FE8B82EA-8DB7-42E3-88D2-5C5903EED0EB}.Debug|x86.ActiveCfg = Debug|Any CPU
		{FE8B82EA-8DB7-42E3-88D2-5C5903EED0EB}.Debug|x86.Build.0 = Debug|Any CPU
		{FE8B82EA-8DB7-42E3-88D2-5C5903EED0EB}.Release|Any CPU.ActiveCfg = Release|Any CPU
		{FE8B82EA-8DB7-42E3-88D2-5C5903EED0EB}.Release|Any CPU.Build.0 = Release|Any CPU
		{FE8B82EA-8DB7-42E3-88D2-5C5903EED0EB}.Release|x64.ActiveCfg = Release|Any CPU
		{FE8B82EA-8DB7-42E3-88D2-5C5903EED0EB}.Release|x64.Build.0 = Release|Any CPU
		{FE8B82EA-8DB7-42E3-88D2-5C5903EED0EB}.Release|x86.ActiveCfg = Release|Any CPU
		{FE8B82EA-8DB7-42E3-88D2-5C5903EED0EB}.Release|x86.Build.0 = Release|Any CPU
	EndGlobalSection
EndGlobal
